
Microsoft Visual Studio Solution File, Format Version 12.00
# Visual Studio 15
VisualStudioVersion = 15.0.28010.2041
MinimumVisualStudioVersion = 10.0.40219.1
Project("{FAE04EC0-301F-11D3-BF4B-00C04F79EFBC}") = "eyetracker-Runner", "eyetracker-Runner\eyetracker-Runner.csproj", "{366B11DA-16B5-4B41-AB5F-C8E949351803}"
EndProject
Global
	GlobalSection(SolutionConfigurationPlatforms) = preSolution
		Debug|Any CPU = Debug|Any CPU
		Release|Any CPU = Release|Any CPU
	EndGlobalSection
	GlobalSection(ProjectConfigurationPlatforms) = postSolution
		{366B11DA-16B5-4B41-AB5F-C8E949351803}.Debug|Any CPU.ActiveCfg = Debug|Any CPU
		{366B11DA-16B5-4B41-AB5F-C8E949351803}.Debug|Any CPU.Build.0 = Debug|Any CPU
		{366B11DA-16B5-4B41-AB5F-C8E949351803}.Release|Any CPU.ActiveCfg = Release|Any CPU
		{366B11DA-16B5-4B41-AB5F-C8E949351803}.Release|Any CPU.Build.0 = Release|Any CPU
	EndGlobalSection
	GlobalSection(SolutionProperties) = preSolution
		HideSolutionNode = FALSE
	EndGlobalSection
	GlobalSection(ExtensibilityGlobals) = postSolution
		SolutionGuid = {DAD09BE9-A276-4D90-A04A-BBD99683C324}
	EndGlobalSection
EndGlobal
